{
  "name": "sidekickelastic",
  "version": "1.0.0",
  "lockfileVersion": 2,
  "requires": true,
  "packages": {
    "": {
      "name": "sidekickelastic",
      "version": "1.0.0",
      "license": "ISC",
      "dependencies": {
        "@elastic/elasticsearch": "^8.2.1",
        "ws": "^8.8.0"
      }
    },
    "node_modules/@elastic/elasticsearch": {
      "version": "8.2.1",
      "resolved": "https://registry.npmjs.org/@elastic/elasticsearch/-/elasticsearch-8.2.1.tgz",
      "integrity": "sha512-Kwerd8DfNZdBGgl7fkn+20kXkw1QePB3goTv5QwW9poo2d4VbPE0EChmh6irpXWAGsVSYiKr8x6bh8dH5YdylA==",
      "dependencies": {
        "@elastic/transport": "^8.2.0",
        "tslib": "^2.4.0"
      },
      "engines": {
        "node": ">=14"
      }
    },
    "node_modules/@elastic/transport": {
      "version": "8.2.0",
      "resolved": "https://registry.npmjs.org/@elastic/transport/-/transport-8.2.0.tgz",
      "integrity": "sha512-H/HmefMNQfLiBSVTmNExu2lYs5EzwipUnQB53WLr17RCTDaQX0oOLHcWpDsbKQSRhDAMPPzp5YZsZMJxuxPh7A==",
      "dependencies": {
        "debug": "^4.3.4",
        "hpagent": "^1.0.0",
        "ms": "^2.1.3",
        "secure-json-parse": "^2.4.0",
        "tslib": "^2.4.0",
        "undici": "^5.1.1"
      },
      "engines": {
        "node": ">=14"
      }
    },
    "node_modules/debug": {
      "version": "4.3.4",
      "resolved": "https://registry.npmjs.org/debug/-/debug-4.3.4.tgz",
      "integrity": "sha512-PRWFHuSU3eDtQJPvnNY7Jcket1j0t5OuOsFzPPzsekD52Zl8qUfFIPEiswXqIvHWGVHOgX+7G/vCNNhehwxfkQ==",
      "dependencies": {
        "ms": "2.1.2"
      },
      "engines": {
        "node": ">=6.0"
      },
      "peerDependenciesMeta": {
        "supports-color": {
          "optional": true
        }
      }
    },
    "node_modules/debug/node_modules/ms": {
      "version": "2.1.2",
      "resolved": "https://registry.npmjs.org/ms/-/ms-2.1.2.tgz",
      "integrity": "sha512-sGkPx+VjMtmA6MX27oA4FBFELFCZZ4S4XqeGOXCv68tT+jb3vk/RyaKWP0PTKyWtmLSM0b+adUTEvbs1PEaH2w=="
    },
    "node_modules/hpagent": {
      "version": "1.0.0",
      "resolved": "https://registry.npmjs.org/hpagent/-/hpagent-1.0.0.tgz",
      "integrity": "sha512-SCleE2Uc1bM752ymxg8QXYGW0TWtAV4ZW3TqH1aOnyi6T6YW2xadCcclm5qeVjvMvfQ2RKNtZxO7uVb9CTPt1A==",
      "engines": {
        "node": ">=14"
      }
    },
    "node_modules/ms": {
      "version": "2.1.3",
      "resolved": "https://registry.npmjs.org/ms/-/ms-2.1.3.tgz",
      "integrity": "sha512-6FlzubTLZG3J2a/NVCAleEhjzq5oxgHyaCU9yYXvcLsvoVaHJq/s5xXI6/XXP6tz7R9xAOtHnSO/tXtF3WRTlA=="
    },
    "node_modules/secure-json-parse": {
      "version": "2.4.0",
      "resolved": "https://registry.npmjs.org/secure-json-parse/-/secure-json-parse-2.4.0.tgz",
      "integrity": "sha512-Q5Z/97nbON5t/L/sH6mY2EacfjVGwrCcSi5D3btRO2GZ8pf1K1UN7Z9H5J57hjVU2Qzxr1xO+FmBhOvEkzCMmg=="
    },
    "node_modules/tslib": {
      "version": "2.4.0",
      "resolved": "https://registry.npmjs.org/tslib/-/tslib-2.4.0.tgz",
      "integrity": "sha512-d6xOpEDfsi2CZVlPQzGeux8XMwLT9hssAsaPYExaQMuYskwb+x1x7J371tWlbBdWHroy99KnVB6qIkUbs5X3UQ=="
    },
    "node_modules/undici": {
      "version": "5.5.1",
      "resolved": "https://registry.npmjs.org/undici/-/undici-5.5.1.tgz",
      "integrity": "sha512-MEvryPLf18HvlCbLSzCW0U00IMftKGI5udnjrQbC5D4P0Hodwffhv+iGfWuJwg16Y/TK11ZFK8i+BPVW2z/eAw==",
      "engines": {
        "node": ">=12.18"
      }
    },
    "node_modules/ws": {
      "version": "8.8.0",
      "resolved": "https://registry.npmjs.org/ws/-/ws-8.8.0.tgz",
      "integrity": "sha512-JDAgSYQ1ksuwqfChJusw1LSJ8BizJ2e/vVu5Lxjq3YvNJNlROv1ui4i+c/kUUrPheBvQl4c5UbERhTwKa6QBJQ==",
      "engines": {
        "node": ">=10.0.0"
      },
      "peerDependencies": {
        "bufferutil": "^4.0.1",
        "utf-8-validate": "^5.0.2"
      },
      "peerDependenciesMeta": {
        "bufferutil": {
          "optional": true
        },
        "utf-8-validate": {
          "optional": true
        }
      }
    }
  },
  "dependencies": {
    "@elastic/elasticsearch": {
      "version": "8.2.1",
      "resolved": "https://registry.npmjs.org/@elastic/elasticsearch/-/elasticsearch-8.2.1.tgz",
      "integrity": "sha512-Kwerd8DfNZdBGgl7fkn+20kXkw1QePB3goTv5QwW9poo2d4VbPE0EChmh6irpXWAGsVSYiKr8x6bh8dH5YdylA==",
      "requires": {
        "@elastic/transport": "^8.2.0",
        "tslib": "^2.4.0"
      }
    },
    "@elastic/transport": {
      "version": "8.2.0",
      "resolved": "https://registry.npmjs.org/@elastic/transport/-/transport-8.2.0.tgz",
      "integrity": "sha512-H/HmefMNQfLiBSVTmNExu2lYs5EzwipUnQB53WLr17RCTDaQX0oOLHcWpDsbKQSRhDAMPPzp5YZsZMJxuxPh7A==",
      "requires": {
        "debug": "^4.3.4",
        "hpagent": "^1.0.0",
        "ms": "^2.1.3",
        "secure-json-parse": "^2.4.0",
        "tslib": "^2.4.0",
        "undici": "^5.1.1"
      }
    },
    "debug": {
      "version": "4.3.4",
      "resolved": "https://registry.npmjs.org/debug/-/debug-4.3.4.tgz",
      "integrity": "sha512-PRWFHuSU3eDtQJPvnNY7Jcket1j0t5OuOsFzPPzsekD52Zl8qUfFIPEiswXqIvHWGVHOgX+7G/vCNNhehwxfkQ==",
      "requires": {
        "ms": "2.1.2"
      },
      "dependencies": {
        "ms": {
          "version": "2.1.2",
          "resolved": "https://registry.npmjs.org/ms/-/ms-2.1.2.tgz",
          "integrity": "sha512-sGkPx+VjMtmA6MX27oA4FBFELFCZZ4S4XqeGOXCv68tT+jb3vk/RyaKWP0PTKyWtmLSM0b+adUTEvbs1PEaH2w=="
        }
      }
    },
    "hpagent": {
      "version": "1.0.0",
      "resolved": "https://registry.npmjs.org/hpagent/-/hpagent-1.0.0.tgz",
      "integrity": "sha512-SCleE2Uc1bM752ymxg8QXYGW0TWtAV4ZW3TqH1aOnyi6T6YW2xadCcclm5qeVjvMvfQ2RKNtZxO7uVb9CTPt1A=="
    },
    "ms": {
      "version": "2.1.3",
      "resolved": "https://registry.npmjs.org/ms/-/ms-2.1.3.tgz",
      "integrity": "sha512-6FlzubTLZG3J2a/NVCAleEhjzq5oxgHyaCU9yYXvcLsvoVaHJq/s5xXI6/XXP6tz7R9xAOtHnSO/tXtF3WRTlA=="
    },
    "secure-json-parse": {
      "version": "2.4.0",
      "resolved": "https://registry.npmjs.org/secure-json-parse/-/secure-json-parse-2.4.0.tgz",
      "integrity": "sha512-Q5Z/97nbON5t/L/sH6mY2EacfjVGwrCcSi5D3btRO2GZ8pf1K1UN7Z9H5J57hjVU2Qzxr1xO+FmBhOvEkzCMmg=="
    },
    "tslib": {
      "version": "2.4.0",
      "resolved": "https://registry.npmjs.org/tslib/-/tslib-2.4.0.tgz",
      "integrity": "sha512-d6xOpEDfsi2CZVlPQzGeux8XMwLT9hssAsaPYExaQMuYskwb+x1x7J371tWlbBdWHroy99KnVB6qIkUbs5X3UQ=="
    },
    "undici": {
      "version": "5.5.1",
      "resolved": "https://registry.npmjs.org/undici/-/undici-5.5.1.tgz",
      "integrity": "sha512-MEvryPLf18HvlCbLSzCW0U00IMftKGI5udnjrQbC5D4P0Hodwffhv+iGfWuJwg16Y/TK11ZFK8i+BPVW2z/eAw=="
    },
    "ws": {
      "version": "8.8.0",
      "resolved": "https://registry.npmjs.org/ws/-/ws-8.8.0.tgz",
      "integrity": "sha512-JDAgSYQ1ksuwqfChJusw1LSJ8BizJ2e/vVu5Lxjq3YvNJNlROv1ui4i+c/kUUrPheBvQl4c5UbERhTwKa6QBJQ==",
      "requires": {}
    }
  }
}
